
Microsoft Visual Studio Solution File, Format Version 12.00
# Visual Studio 14
VisualStudioVersion = 14.0.25420.1
MinimumVisualStudioVersion = 10.0.40219.1
Project("{FAE04EC0-301F-11D3-BF4B-00C04F79EFBC}") = "FlickrImagesService", "FlickrImagesService\FlickrImagesService.csproj", "{69BF2181-E736-4CE2-AEBB-1463C20CE8AE}"
EndProject
Project("{FAE04EC0-301F-11D3-BF4B-00C04F79EFBC}") = "ImageDataAccess", "ImageDataAccess\ImageDataAccess.csproj", "{CD6B763A-1AD7-4E53-B4B5-B7381E6F88DD}"
EndProject
Global
	GlobalSection(SolutionConfigurationPlatforms) = preSolution
		Debug|Any CPU = Debug|Any CPU
		Release|Any CPU = Release|Any CPU
	EndGlobalSection
	GlobalSection(ProjectConfigurationPlatforms) = postSolution
		{69BF2181-E736-4CE2-AEBB-1463C20CE8AE}.Debug|Any CPU.ActiveCfg = Debug|Any CPU
		{69BF2181-E736-4CE2-AEBB-1463C20CE8AE}.Debug|Any CPU.Build.0 = Debug|Any CPU
		{69BF2181-E736-4CE2-AEBB-1463C20CE8AE}.Release|Any CPU.ActiveCfg = Release|Any CPU
		{69BF2181-E736-4CE2-AEBB-1463C20CE8AE}.Release|Any CPU.Build.0 = Release|Any CPU
		{CD6B763A-1AD7-4E53-B4B5-B7381E6F88DD}.Debug|Any CPU.ActiveCfg = Debug|Any CPU
		{CD6B763A-1AD7-4E53-B4B5-B7381E6F88DD}.Debug|Any CPU.Build.0 = Debug|Any CPU
		{CD6B763A-1AD7-4E53-B4B5-B7381E6F88DD}.Release|Any CPU.ActiveCfg = Release|Any CPU
		{CD6B763A-1AD7-4E53-B4B5-B7381E6F88DD}.Release|Any CPU.Build.0 = Release|Any CPU
	EndGlobalSection
	GlobalSection(SolutionProperties) = preSolution
		HideSolutionNode = FALSE
	EndGlobalSection
EndGlobal
